
Microsoft Visual Studio Solution File, Format Version 12.00
# Visual Studio Version 16
VisualStudioVersion = 16.0.31025.194
MinimumVisualStudioVersion = 10.0.40219.1
Project("{9A19103F-16F7-4668-BE54-9A1E7A4F7556}") = "ConsoleApp", "ConsoleApp\ConsoleApp\ConsoleApp.csproj", "{5B91CD2D-340E-4C68-A3BE-D0E368842495}"
EndProject
Project("{9A19103F-16F7-4668-BE54-9A1E7A4F7556}") = "Shared", "Shared\Shared.csproj", "{9908B3DF-109C-4913-876C-DB0173DCF876}"
EndProject
Project("{9A19103F-16F7-4668-BE54-9A1E7A4F7556}") = "WebApplication", "WebApplication\WebApplication.csproj", "{80F20BAA-1516-4E34-8AD3-4F5251F5E08A}"
EndProject
Global
	GlobalSection(SolutionConfigurationPlatforms) = preSolution
		Debug|Any CPU = Debug|Any CPU
		Release|Any CPU = Release|Any CPU
	EndGlobalSection
	GlobalSection(ProjectConfigurationPlatforms) = postSolution
		{5B91CD2D-340E-4C68-A3BE-D0E368842495}.Debug|Any CPU.ActiveCfg = Debug|Any CPU
		{5B91CD2D-340E-4C68-A3BE-D0E368842495}.Debug|Any CPU.Build.0 = Debug|Any CPU
		{5B91CD2D-340E-4C68-A3BE-D0E368842495}.Release|Any CPU.ActiveCfg = Release|Any CPU
		{5B91CD2D-340E-4C68-A3BE-D0E368842495}.Release|Any CPU.Build.0 = Release|Any CPU
		{9908B3DF-109C-4913-876C-DB0173DCF876}.Debug|Any CPU.ActiveCfg = Debug|Any CPU
		{9908B3DF-109C-4913-876C-DB0173DCF876}.Debug|Any CPU.Build.0 = Debug|Any CPU
		{9908B3DF-109C-4913-876C-DB0173DCF876}.Release|Any CPU.ActiveCfg = Release|Any CPU
		{9908B3DF-109C-4913-876C-DB0173DCF876}.Release|Any CPU.Build.0 = Release|Any CPU
		{80F20BAA-1516-4E34-8AD3-4F5251F5E08A}.Debug|Any CPU.ActiveCfg = Debug|Any CPU
		{80F20BAA-1516-4E34-8AD3-4F5251F5E08A}.Debug|Any CPU.Build.0 = Debug|Any CPU
		{80F20BAA-1516-4E34-8AD3-4F5251F5E08A}.Release|Any CPU.ActiveCfg = Release|Any CPU
		{80F20BAA-1516-4E34-8AD3-4F5251F5E08A}.Release|Any CPU.Build.0 = Release|Any CPU
	EndGlobalSection
	GlobalSection(SolutionProperties) = preSolution
		HideSolutionNode = FALSE
	EndGlobalSection
	GlobalSection(ExtensibilityGlobals) = postSolution
		SolutionGuid = {D25981D8-A1B4-4DEB-8C3E-8358D0441173}
	EndGlobalSection
EndGlobal
